// !$*UTF8*$!
{
	archiveVersion = 1;
	classes = {
	};
	objectVersion = 50;
	objects = {

/* Begin PBXBuildFile section */
		0100D31A99EF0E685F0D5109 /* Pods_flixster_flixsterUITests.framework in Frameworks */ = {isa = PBXBuildFile; fileRef = 7DEC8F60FC1BEF0849DE5D84 /* Pods_flixster_flixsterUITests.framework */; };
		15516F0D20593065D5E133CB /* Pods_flixster.framework in Frameworks */ = {isa = PBXBuildFile; fileRef = D5E43852C27CC8A3F970C6A3 /* Pods_flixster.framework */; };
		214E079123D54ED50044956D /* AppDelegate.swift in Sources */ = {isa = PBXBuildFile; fileRef = 214E079023D54ED50044956D /* AppDelegate.swift */; };
		214E079323D54ED50044956D /* SceneDelegate.swift in Sources */ = {isa = PBXBuildFile; fileRef = 214E079223D54ED50044956D /* SceneDelegate.swift */; };
		214E079823D54ED50044956D /* Main.storyboard in Resources */ = {isa = PBXBuildFile; fileRef = 214E079623D54ED50044956D /* Main.storyboard */; };
		214E079A23D54ED60044956D /* Assets.xcassets in Resources */ = {isa = PBXBuildFile; fileRef = 214E079923D54ED60044956D /* Assets.xcassets */; };
		214E079D23D54ED60044956D /* LaunchScreen.storyboard in Resources */ = {isa = PBXBuildFile; fileRef = 214E079B23D54ED60044956D /* LaunchScreen.storyboard */; };
		214E07A823D54ED70044956D /* flixsterTests.swift in Sources */ = {isa = PBXBuildFile; fileRef = 214E07A723D54ED70044956D /* flixsterTests.swift */; };
		214E07B323D54ED70044956D /* flixsterUITests.swift in Sources */ = {isa = PBXBuildFile; fileRef = 214E07B223D54ED70044956D /* flixsterUITests.swift */; };
		214E07C123D54F460044956D /* MoviesViewController.swift in Sources */ = {isa = PBXBuildFile; fileRef = 214E07C023D54F460044956D /* MoviesViewController.swift */; };
		214E07C323D552AC0044956D /* MovieCell.swift in Sources */ = {isa = PBXBuildFile; fileRef = 214E07C223D552AC0044956D /* MovieCell.swift */; };
		A88D1D002D46F856697F3F98 /* Pods_flixsterTests.framework in Frameworks */ = {isa = PBXBuildFile; fileRef = 1916B7A68C0DF487BFCF0EB1 /* Pods_flixsterTests.framework */; };
/* End PBXBuildFile section */

/* Begin PBXContainerItemProxy section */
		214E07A423D54ED70044956D /* PBXContainerItemProxy */ = {
			isa = PBXContainerItemProxy;
			containerPortal = 214E078523D54ED50044956D /* Project object */;
			proxyType = 1;
			remoteGlobalIDString = 214E078C23D54ED50044956D;
			remoteInfo = flixster;
		};
		214E07AF23D54ED70044956D /* PBXContainerItemProxy */ = {
			isa = PBXContainerItemProxy;
			containerPortal = 214E078523D54ED50044956D /* Project object */;
			proxyType = 1;
			remoteGlobalIDString = 214E078C23D54ED50044956D;
			remoteInfo = flixster;
		};
/* End PBXContainerItemProxy section */

/* Begin PBXFileReference section */
		0A0AA11BFCDC9B6507FFC140 /* Pods-flixsterTests.debug.xcconfig */ = {isa = PBXFileReference; includeInIndex = 1; lastKnownFileType = text.xcconfig; name = "Pods-flixsterTests.debug.xcconfig"; path = "Target Support Files/Pods-flixsterTests/Pods-flixsterTests.debug.xcconfig"; sourceTree = "<group>"; };
		1916B7A68C0DF487BFCF0EB1 /* Pods_flixsterTests.framework */ = {isa = PBXFileReference; explicitFileType = wrapper.framework; includeInIndex = 0; path = Pods_flixsterTests.framework; sourceTree = BUILT_PRODUCTS_DIR; };
		214E078D23D54ED50044956D /* flixster.app */ = {isa = PBXFileReference; explicitFileType = wrapper.application; includeInIndex = 0; path = flixster.app; sourceTree = BUILT_PRODUCTS_DIR; };
		214E079023D54ED50044956D /* AppDelegate.swift */ = {isa = PBXFileReference; lastKnownFileType = sourcecode.swift; path = AppDelegate.swift; sourceTree = "<group>"; };
		214E079223D54ED50044956D /* SceneDelegate.swift */ = {isa = PBXFileReference; lastKnownFileType = sourcecode.swift; path = SceneDelegate.swift; sourceTree = "<group>"; };
		214E079723D54ED50044956D /* Base */ = {isa = PBXFileReference; lastKnownFileType = file.storyboard; name = Base; path = Base.lproj/Main.storyboard; sourceTree = "<group>"; };
		214E079923D54ED60044956D /* Assets.xcassets */ = {isa = PBXFileReference; lastKnownFileType = folder.assetcatalog; path = Assets.xcassets; sourceTree = "<group>"; };
		214E079C23D54ED60044956D /* Base */ = {isa = PBXFileReference; lastKnownFileType = file.storyboard; name = Base; path = Base.lproj/LaunchScreen.storyboard; sourceTree = "<group>"; };
		214E079E23D54ED60044956D /* Info.plist */ = {isa = PBXFileReference; lastKnownFileType = text.plist.xml; path = Info.plist; sourceTree = "<group>"; };
		214E07A323D54ED70044956D /* flixsterTests.xctest */ = {isa = PBXFileReference; explicitFileType = wrapper.cfbundle; includeInIndex = 0; path = flixsterTests.xctest; sourceTree = BUILT_PRODUCTS_DIR; };
		214E07A723D54ED70044956D /* flixsterTests.swift */ = {isa = PBXFileReference; lastKnownFileType = sourcecode.swift; path = flixsterTests.swift; sourceTree = "<group>"; };
		214E07A923D54ED70044956D /* Info.plist */ = {isa = PBXFileReference; lastKnownFileType = text.plist.xml; path = Info.plist; sourceTree = "<group>"; };
		214E07AE23D54ED70044956D /* flixsterUITests.xctest */ = {isa = PBXFileReference; explicitFileType = wrapper.cfbundle; includeInIndex = 0; path = flixsterUITests.xctest; sourceTree = BUILT_PRODUCTS_DIR; };
		214E07B223D54ED70044956D /* flixsterUITests.swift */ = {isa = PBXFileReference; lastKnownFileType = sourcecode.swift; path = flixsterUITests.swift; sourceTree = "<group>"; };
		214E07B423D54ED70044956D /* Info.plist */ = {isa = PBXFileReference; lastKnownFileType = text.plist.xml; path = Info.plist; sourceTree = "<group>"; };
		214E07C023D54F460044956D /* MoviesViewController.swift */ = {isa = PBXFileReference; lastKnownFileType = sourcecode.swift; path = MoviesViewController.swift; sourceTree = "<group>"; };
		214E07C223D552AC0044956D /* MovieCell.swift */ = {isa = PBXFileReference; lastKnownFileType = sourcecode.swift; path = MovieCell.swift; sourceTree = "<group>"; };
		3FCC2FEF88581D31325E0C8B /* Pods-flixster.debug.xcconfig */ = {isa = PBXFileReference; includeInIndex = 1; lastKnownFileType = text.xcconfig; name = "Pods-flixster.debug.xcconfig"; path = "Target Support Files/Pods-flixster/Pods-flixster.debug.xcconfig"; sourceTree = "<group>"; };
		79ECAAF172ED78396E70B9C8 /* Pods-flixsterTests.release.xcconfig */ = {isa = PBXFileReference; includeInIndex = 1; lastKnownFileType = text.xcconfig; name = "Pods-flixsterTests.release.xcconfig"; path = "Target Support Files/Pods-flixsterTests/Pods-flixsterTests.release.xcconfig"; sourceTree = "<group>"; };
		7DEC8F60FC1BEF0849DE5D84 /* Pods_flixster_flixsterUITests.framework */ = {isa = PBXFileReference; explicitFileType = wrapper.framework; includeInIndex = 0; path = Pods_flixster_flixsterUITests.framework; sourceTree = BUILT_PRODUCTS_DIR; };
		9F304D77243875DFBAA782F9 /* Pods-flixster-flixsterUITests.debug.xcconfig */ = {isa = PBXFileReference; includeInIndex = 1; lastKnownFileType = text.xcconfig; name = "Pods-flixster-flixsterUITests.debug.xcconfig"; path = "Target Support Files/Pods-flixster-flixsterUITests/Pods-flixster-flixsterUITests.debug.xcconfig"; sourceTree = "<group>"; };
		A0302825C271C713760E60A0 /* Pods-flixster.release.xcconfig */ = {isa = PBXFileReference; includeInIndex = 1; lastKnownFileType = text.xcconfig; name = "Pods-flixster.release.xcconfig"; path = "Target Support Files/Pods-flixster/Pods-flixster.release.xcconfig"; sourceTree = "<group>"; };
		C2158C001DD4647809017BB6 /* Pods-flixster-flixsterUITests.release.xcconfig */ = {isa = PBXFileReference; includeInIndex = 1; lastKnownFileType = text.xcconfig; name = "Pods-flixster-flixsterUITests.release.xcconfig"; path = "Target Support Files/Pods-flixster-flixsterUITests/Pods-flixster-flixsterUITests.release.xcconfig"; sourceTree = "<group>"; };
		D5E43852C27CC8A3F970C6A3 /* Pods_flixster.framework */ = {isa = PBXFileReference; explicitFileType = wrapper.framework; includeInIndex = 0; path = Pods_flixster.framework; sourceTree = BUILT_PRODUCTS_DIR; };
/* End PBXFileReference section */

/* Begin PBXFrameworksBuildPhase section */
		214E078A23D54ED50044956D /* Frameworks */ = {
			isa = PBXFrameworksBuildPhase;
			buildActionMask = 2147483647;
			files = (
				15516F0D20593065D5E133CB /* Pods_flixster.framework in Frameworks */,
			);
			runOnlyForDeploymentPostprocessing = 0;
		};
		214E07A023D54ED70044956D /* Frameworks */ = {
			isa = PBXFrameworksBuildPhase;
			buildActionMask = 2147483647;
			files = (
				A88D1D002D46F856697F3F98 /* Pods_flixsterTests.framework in Frameworks */,
			);
			runOnlyForDeploymentPostprocessing = 0;
		};
		214E07AB23D54ED70044956D /* Frameworks */ = {
			isa = PBXFrameworksBuildPhase;
			buildActionMask = 2147483647;
			files = (
				0100D31A99EF0E685F0D5109 /* Pods_flixster_flixsterUITests.framework in Frameworks */,
			);
			runOnlyForDeploymentPostprocessing = 0;
		};
/* End PBXFrameworksBuildPhase section */

/* Begin PBXGroup section */
		214E078423D54ED50044956D = {
			isa = PBXGroup;
			children = (
				214E078F23D54ED50044956D /* flixster */,
				214E07A623D54ED70044956D /* flixsterTests */,
				214E07B123D54ED70044956D /* flixsterUITests */,
				214E078E23D54ED50044956D /* Products */,
				C064DC1C3AAFCCBD4996C167 /* Pods */,
				C03928F02C54151D4E287AC4 /* Frameworks */,
			);
			sourceTree = "<group>";
		};
		214E078E23D54ED50044956D /* Products */ = {
			isa = PBXGroup;
			children = (
				214E078D23D54ED50044956D /* flixster.app */,
				214E07A323D54ED70044956D /* flixsterTests.xctest */,
				214E07AE23D54ED70044956D /* flixsterUITests.xctest */,
			);
			name = Products;
			sourceTree = "<group>";
		};
		214E078F23D54ED50044956D /* flixster */ = {
			isa = PBXGroup;
			children = (
				214E079023D54ED50044956D /* AppDelegate.swift */,
				214E079223D54ED50044956D /* SceneDelegate.swift */,
				214E079623D54ED50044956D /* Main.storyboard */,
				214E079923D54ED60044956D /* Assets.xcassets */,
				214E079B23D54ED60044956D /* LaunchScreen.storyboard */,
				214E079E23D54ED60044956D /* Info.plist */,
				214E07C023D54F460044956D /* MoviesViewController.swift */,
				214E07C223D552AC0044956D /* MovieCell.swift */,
			);
			path = flixster;
			sourceTree = "<group>";
		};
		214E07A623D54ED70044956D /* flixsterTests */ = {
			isa = PBXGroup;
			children = (
				214E07A723D54ED70044956D /* flixsterTests.swift */,
				214E07A923D54ED70044956D /* Info.plist */,
			);
			path = flixsterTests;
			sourceTree = "<group>";
		};
		214E07B123D54ED70044956D /* flixsterUITests */ = {
			isa = PBXGroup;
			children = (
				214E07B223D54ED70044956D /* flixsterUITests.swift */,
				214E07B423D54ED70044956D /* Info.plist */,
			);
			path = flixsterUITests;
			sourceTree = "<group>";
		};
		C03928F02C54151D4E287AC4 /* Frameworks */ = {
			isa = PBXGroup;
			children = (
				D5E43852C27CC8A3F970C6A3 /* Pods_flixster.framework */,
				7DEC8F60FC1BEF0849DE5D84 /* Pods_flixster_flixsterUITests.framework */,
				1916B7A68C0DF487BFCF0EB1 /* Pods_flixsterTests.framework */,
			);
			name = Frameworks;
			sourceTree = "<group>";
		};
		C064DC1C3AAFCCBD4996C167 /* Pods */ = {
			isa = PBXGroup;
			children = (
				3FCC2FEF88581D31325E0C8B /* Pods-flixster.debug.xcconfig */,
				A0302825C271C713760E60A0 /* Pods-flixster.release.xcconfig */,
				9F304D77243875DFBAA782F9 /* Pods-flixster-flixsterUITests.debug.xcconfig */,
				C2158C001DD4647809017BB6 /* Pods-flixster-flixsterUITests.release.xcconfig */,
				0A0AA11BFCDC9B6507FFC140 /* Pods-flixsterTests.debug.xcconfig */,
				79ECAAF172ED78396E70B9C8 /* Pods-flixsterTests.release.xcconfig */,
			);
			name = Pods;
			path = Pods;
			sourceTree = "<group>";
		};
/* End PBXGroup section */

/* Begin PBXNativeTarget section */
		214E078C23D54ED50044956D /* flixster */ = {
			isa = PBXNativeTarget;
			buildConfigurationList = 214E07B723D54ED70044956D /* Build configuration list for PBXNativeTarget "flixster" */;
			buildPhases = (
				1C6DCEF60179898746E71C1C /* [CP] Check Pods Manifest.lock */,
				214E078923D54ED50044956D /* Sources */,
				214E078A23D54ED50044956D /* Frameworks */,
				214E078B23D54ED50044956D /* Resources */,
				E7DDC7868EE02461946A8E24 /* [CP] Embed Pods Frameworks */,
			);
			buildRules = (
			);
			dependencies = (
			);
			name = flixster;
			productName = flixster;
			productReference = 214E078D23D54ED50044956D /* flixster.app */;
			productType = "com.apple.product-type.application";
		};
		214E07A223D54ED70044956D /* flixsterTests */ = {
			isa = PBXNativeTarget;
			buildConfigurationList = 214E07BA23D54ED70044956D /* Build configuration list for PBXNativeTarget "flixsterTests" */;
			buildPhases = (
				41584397744D83FBDEABA0FB /* [CP] Check Pods Manifest.lock */,
				214E079F23D54ED70044956D /* Sources */,
				214E07A023D54ED70044956D /* Frameworks */,
				214E07A123D54ED70044956D /* Resources */,
			);
			buildRules = (
			);
			dependencies = (
				214E07A523D54ED70044956D /* PBXTargetDependency */,
			);
			name = flixsterTests;
			productName = flixsterTests;
			productReference = 214E07A323D54ED70044956D /* flixsterTests.xctest */;
			productType = "com.apple.product-type.bundle.unit-test";
		};
		214E07AD23D54ED70044956D /* flixsterUITests */ = {
			isa = PBXNativeTarget;
			buildConfigurationList = 214E07BD23D54ED70044956D /* Build configuration list for PBXNativeTarget "flixsterUITests" */;
			buildPhases = (
				17333A6BD2D9885EFB65FD17 /* [CP] Check Pods Manifest.lock */,
				214E07AA23D54ED70044956D /* Sources */,
				214E07AB23D54ED70044956D /* Frameworks */,
				214E07AC23D54ED70044956D /* Resources */,
				0DE798A65DCA22765D92C291 /* [CP] Embed Pods Frameworks */,
			);
			buildRules = (
			);
			dependencies = (
				214E07B023D54ED70044956D /* PBXTargetDependency */,
			);
			name = flixsterUITests;
			productName = flixsterUITests;
			productReference = 214E07AE23D54ED70044956D /* flixsterUITests.xctest */;
			productType = "com.apple.product-type.bundle.ui-testing";
		};
/* End PBXNativeTarget section */

/* Begin PBXProject section */
		214E078523D54ED50044956D /* Project object */ = {
			isa = PBXProject;
			attributes = {
				LastSwiftUpdateCheck = 1130;
				LastUpgradeCheck = 1130;
				ORGANIZATIONNAME = "Jeong Kim";
				TargetAttributes = {
					214E078C23D54ED50044956D = {
						CreatedOnToolsVersion = 11.3;
					};
					214E07A223D54ED70044956D = {
						CreatedOnToolsVersion = 11.3;
						TestTargetID = 214E078C23D54ED50044956D;
					};
					214E07AD23D54ED70044956D = {
						CreatedOnToolsVersion = 11.3;
						TestTargetID = 214E078C23D54ED50044956D;
					};
				};
			};
			buildConfigurationList = 214E078823D54ED50044956D /* Build configuration list for PBXProject "flixster" */;
			compatibilityVersion = "Xcode 9.3";
			developmentRegion = en;
			hasScannedForEncodings = 0;
			knownRegions = (
				en,
				Base,
			);
			mainGroup = 214E078423D54ED50044956D;
			productRefGroup = 214E078E23D54ED50044956D /* Products */;
			projectDirPath = "";
			projectRoot = "";
			targets = (
				214E078C23D54ED50044956D /* flixster */,
				214E07A223D54ED70044956D /* flixsterTests */,
				214E07AD23D54ED70044956D /* flixsterUITests */,
			);
		};
/* End PBXProject section */

/* Begin PBXResourcesBuildPhase section */
		214E078B23D54ED50044956D /* Resources */ = {
			isa = PBXResourcesBuildPhase;
			buildActionMask = 2147483647;
			files = (
				214E079D23D54ED60044956D /* LaunchScreen.storyboard in Resources */,
				214E079A23D54ED60044956D /* Assets.xcassets in Resources */,
				214E079823D54ED50044956D /* Main.storyboard in Resources */,
			);
			runOnlyForDeploymentPostprocessing = 0;
		};
		214E07A123D54ED70044956D /* Resources */ = {
			isa = PBXResourcesBuildPhase;
			buildActionMask = 2147483647;
			files = (
			);
			runOnlyForDeploymentPostprocessing = 0;
		};
		214E07AC23D54ED70044956D /* Resources */ = {
			isa = PBXResourcesBuildPhase;
			buildActionMask = 2147483647;
			files = (
			);
			runOnlyForDeploymentPostprocessing = 0;
		};
/* End PBXResourcesBuildPhase section */

/* Begin PBXShellScriptBuildPhase section */
		0DE798A65DCA22765D92C291 /* [CP] Embed Pods Frameworks */ = {
			isa = PBXShellScriptBuildPhase;
			buildActionMask = 2147483647;
			files = (
			);
			inputFileListPaths = (
				"${PODS_ROOT}/Target Support Files/Pods-flixster-flixsterUITests/Pods-flixster-flixsterUITests-frameworks-${CONFIGURATION}-input-files.xcfilelist",
			);
			name = "[CP] Embed Pods Frameworks";
			outputFileListPaths = (
				"${PODS_ROOT}/Target Support Files/Pods-flixster-flixsterUITests/Pods-flixster-flixsterUITests-frameworks-${CONFIGURATION}-output-files.xcfilelist",
			);
			runOnlyForDeploymentPostprocessing = 0;
			shellPath = /bin/sh;
			shellScript = "\"${PODS_ROOT}/Target Support Files/Pods-flixster-flixsterUITests/Pods-flixster-flixsterUITests-frameworks.sh\"\n";
			showEnvVarsInLog = 0;
		};
		17333A6BD2D9885EFB65FD17 /* [CP] Check Pods Manifest.lock */ = {
			isa = PBXShellScriptBuildPhase;
			buildActionMask = 2147483647;
			files = (
			);
			inputFileListPaths = (
			);
			inputPaths = (
				"${PODS_PODFILE_DIR_PATH}/Podfile.lock",
				"${PODS_ROOT}/Manifest.lock",
			);
			name = "[CP] Check Pods Manifest.lock";
			outputFileListPaths = (
			);
			outputPaths = (
				"$(DERIVED_FILE_DIR)/Pods-flixster-flixsterUITests-checkManifestLockResult.txt",
			);
			runOnlyForDeploymentPostprocessing = 0;
			shellPath = /bin/sh;
			shellScript = "diff \"${PODS_PODFILE_DIR_PATH}/Podfile.lock\" \"${PODS_ROOT}/Manifest.lock\" > /dev/null\nif [ $? != 0 ] ; then\n    # print error to STDERR\n    echo \"error: The sandbox is not in sync with the Podfile.lock. Run 'pod install' or update your CocoaPods installation.\" >&2\n    exit 1\nfi\n# This output is used by Xcode 'outputs' to avoid re-running this script phase.\necho \"SUCCESS\" > \"${SCRIPT_OUTPUT_FILE_0}\"\n";
			showEnvVarsInLog = 0;
		};
		1C6DCEF60179898746E71C1C /* [CP] Check Pods Manifest.lock */ = {
			isa = PBXShellScriptBuildPhase;
			buildActionMask = 2147483647;
			files = (
			);
			inputFileListPaths = (
			);
			inputPaths = (
				"${PODS_PODFILE_DIR_PATH}/Podfile.lock",
				"${PODS_ROOT}/Manifest.lock",
			);
			name = "[CP] Check Pods Manifest.lock";
			outputFileListPaths = (
			);
			outputPaths = (
				"$(DERIVED_FILE_DIR)/Pods-flixster-checkManifestLockResult.txt",
			);
			runOnlyForDeploymentPostprocessing = 0;
			shellPath = /bin/sh;
			shellScript = "diff \"${PODS_PODFILE_DIR_PATH}/Podfile.lock\" \"${PODS_ROOT}/Manifest.lock\" > /dev/null\nif [ $? != 0 ] ; then\n    # print error to STDERR\n    echo \"error: The sandbox is not in sync with the Podfile.lock. Run 'pod install' or update your CocoaPods installation.\" >&2\n    exit 1\nfi\n# This output is used by Xcode 'outputs' to avoid re-running this script phase.\necho \"SUCCESS\" > \"${SCRIPT_OUTPUT_FILE_0}\"\n";
			showEnvVarsInLog = 0;
		};
		41584397744D83FBDEABA0FB /* [CP] Check Pods Manifest.lock */ = {
			isa = PBXShellScriptBuildPhase;
			buildActionMask = 2147483647;
			files = (
			);
			inputFileListPaths = (
			);
			inputPaths = (
				"${PODS_PODFILE_DIR_PATH}/Podfile.lock",
				"${PODS_ROOT}/Manifest.lock",
			);
			name = "[CP] Check Pods Manifest.lock";
			outputFileListPaths = (
			);
			outputPaths = (
				"$(DERIVED_FILE_DIR)/Pods-flixsterTests-checkManifestLockResult.txt",
			);
			runOnlyForDeploymentPostprocessing = 0;
			shellPath = /bin/sh;
			shellScript = "diff \"${PODS_PODFILE_DIR_PATH}/Podfile.lock\" \"${PODS_ROOT}/Manifest.lock\" > /dev/null\nif [ $? != 0 ] ; then\n    # print error to STDERR\n    echo \"error: The sandbox is not in sync with the Podfile.lock. Run 'pod install' or update your CocoaPods installation.\" >&2\n    exit 1\nfi\n# This output is used by Xcode 'outputs' to avoid re-running this script phase.\necho \"SUCCESS\" > \"${SCRIPT_OUTPUT_FILE_0}\"\n";
			showEnvVarsInLog = 0;
		};
		E7DDC7868EE02461946A8E24 /* [CP] Embed Pods Frameworks */ = {
			isa = PBXShellScriptBuildPhase;
			buildActionMask = 2147483647;
			files = (
			);
			inputFileListPaths = (
				"${PODS_ROOT}/Target Support Files/Pods-flixster/Pods-flixster-frameworks-${CONFIGURATION}-input-files.xcfilelist",
			);
			name = "[CP] Embed Pods Frameworks";
			outputFileListPaths = (
				"${PODS_ROOT}/Target Support Files/Pods-flixster/Pods-flixster-frameworks-${CONFIGURATION}-output-files.xcfilelist",
			);
			runOnlyForDeploymentPostprocessing = 0;
			shellPath = /bin/sh;
			shellScript = "\"${PODS_ROOT}/Target Support Files/Pods-flixster/Pods-flixster-frameworks.sh\"\n";
			showEnvVarsInLog = 0;
		};
/* End PBXShellScriptBuildPhase section */

/* Begin PBXSourcesBuildPhase section */
		214E078923D54ED50044956D /* Sources */ = {
			isa = PBXSourcesBuildPhase;
			buildActionMask = 2147483647;
			files = (
				214E079123D54ED50044956D /* AppDelegate.swift in Sources */,
				214E079323D54ED50044956D /* SceneDelegate.swift in Sources */,
				214E07C323D552AC0044956D /* MovieCell.swift in Sources */,
				214E07C123D54F460044956D /* MoviesViewController.swift in Sources */,
			);
			runOnlyForDeploymentPostprocessing = 0;
		};
		214E079F23D54ED70044956D /* Sources */ = {
			isa = PBXSourcesBuildPhase;
			buildActionMask = 2147483647;
			files = (
				214E07A823D54ED70044956D /* flixsterTests.swift in Sources */,
			);
			runOnlyForDeploymentPostprocessing = 0;
		};
		214E07AA23D54ED70044956D /* Sources */ = {
			isa = PBXSourcesBuildPhase;
			buildActionMask = 2147483647;
			files = (
				214E07B323D54ED70044956D /* flixsterUITests.swift in Sources */,
			);
			runOnlyForDeploymentPostprocessing = 0;
		};
/* End PBXSourcesBuildPhase section */

/* Begin PBXTargetDependency section */
		214E07A523D54ED70044956D /* PBXTargetDependency */ = {
			isa = PBXTargetDependency;
			target = 214E078C23D54ED50044956D /* flixster */;
			targetProxy = 214E07A423D54ED70044956D /* PBXContainerItemProxy */;
		};
		214E07B023D54ED70044956D /* PBXTargetDependency */ = {
			isa = PBXTargetDependency;
			target = 214E078C23D54ED50044956D /* flixster */;
			targetProxy = 214E07AF23D54ED70044956D /* PBXContainerItemProxy */;
		};
/* End PBXTargetDependency section */

/* Begin PBXVariantGroup section */
		214E079623D54ED50044956D /* Main.storyboard */ = {
			isa = PBXVariantGroup;
			children = (
				214E079723D54ED50044956D /* Base */,
			);
			name = Main.storyboard;
			sourceTree = "<group>";
		};
		214E079B23D54ED60044956D /* LaunchScreen.storyboard */ = {
			isa = PBXVariantGroup;
			children = (
				214E079C23D54ED60044956D /* Base */,
			);
			name = LaunchScreen.storyboard;
			sourceTree = "<group>";
		};
/* End PBXVariantGroup section */

/* Begin XCBuildConfiguration section */
		214E07B523D54ED70044956D /* Debug */ = {
			isa = XCBuildConfiguration;
			buildSettings = {
				ALWAYS_SEARCH_USER_PATHS = NO;
				CLANG_ANALYZER_NONNULL = YES;
				CLANG_ANALYZER_NUMBER_OBJECT_CONVERSION = YES_AGGRESSIVE;
				CLANG_CXX_LANGUAGE_STANDARD = "gnu++14";
				CLANG_CXX_LIBRARY = "libc++";
				CLANG_ENABLE_MODULES = YES;
				CLANG_ENABLE_OBJC_ARC = YES;
				CLANG_ENABLE_OBJC_WEAK = YES;
				CLANG_WARN_BLOCK_CAPTURE_AUTORELEASING = YES;
				CLANG_WARN_BOOL_CONVERSION = YES;
				CLANG_WARN_COMMA = YES;
				CLANG_WARN_CONSTANT_CONVERSION = YES;
				CLANG_WARN_DEPRECATED_OBJC_IMPLEMENTATIONS = YES;
				CLANG_WARN_DIRECT_OBJC_ISA_USAGE = YES_ERROR;
				CLANG_WARN_DOCUMENTATION_COMMENTS = YES;
				CLANG_WARN_EMPTY_BODY = YES;
				CLANG_WARN_ENUM_CONVERSION = YES;
				CLANG_WARN_INFINITE_RECURSION = YES;
				CLANG_WARN_INT_CONVERSION = YES;
				CLANG_WARN_NON_LITERAL_NULL_CONVERSION = YES;
				CLANG_WARN_OBJC_IMPLICIT_RETAIN_SELF = YES;
				CLANG_WARN_OBJC_LITERAL_CONVERSION = YES;
				CLANG_WARN_OBJC_ROOT_CLASS = YES_ERROR;
				CLANG_WARN_RANGE_LOOP_ANALYSIS = YES;
				CLANG_WARN_STRICT_PROTOTYPES = YES;
				CLANG_WARN_SUSPICIOUS_MOVE = YES;
				CLANG_WARN_UNGUARDED_AVAILABILITY = YES_AGGRESSIVE;
				CLANG_WARN_UNREACHABLE_CODE = YES;
				CLANG_WARN__DUPLICATE_METHOD_MATCH = YES;
				COPY_PHASE_STRIP = NO;
				DEBUG_INFORMATION_FORMAT = dwarf;
				ENABLE_STRICT_OBJC_MSGSEND = YES;
				ENABLE_TESTABILITY = YES;
				GCC_C_LANGUAGE_STANDARD = gnu11;
				GCC_DYNAMIC_NO_PIC = NO;
				GCC_NO_COMMON_BLOCKS = YES;
				GCC_OPTIMIZATION_LEVEL = 0;
				GCC_PREPROCESSOR_DEFINITIONS = (
					"DEBUG=1",
					"$(inherited)",
				);
				GCC_WARN_64_TO_32_BIT_CONVERSION = YES;
				GCC_WARN_ABOUT_RETURN_TYPE = YES_ERROR;
				GCC_WARN_UNDECLARED_SELECTOR = YES;
				GCC_WARN_UNINITIALIZED_AUTOS = YES_AGGRESSIVE;
				GCC_WARN_UNUSED_FUNCTION = YES;
				GCC_WARN_UNUSED_VARIABLE = YES;
				IPHONEOS_DEPLOYMENT_TARGET = 13.2;
				MTL_ENABLE_DEBUG_INFO = INCLUDE_SOURCE;
				MTL_FAST_MATH = YES;
				ONLY_ACTIVE_ARCH = YES;
				SDKROOT = iphoneos;
				SWIFT_ACTIVE_COMPILATION_CONDITIONS = DEBUG;
				SWIFT_OPTIMIZATION_LEVEL = "-Onone";
			};
			name = Debug;
		};
		214E07B623D54ED70044956D /* Release */ = {
			isa = XCBuildConfiguration;
			buildSettings = {
				ALWAYS_SEARCH_USER_PATHS = NO;
				CLANG_ANALYZER_NONNULL = YES;
				CLANG_ANALYZER_NUMBER_OBJECT_CONVERSION = YES_AGGRESSIVE;
				CLANG_CXX_LANGUAGE_STANDARD = "gnu++14";
				CLANG_CXX_LIBRARY = "libc++";
				CLANG_ENABLE_MODULES = YES;
				CLANG_ENABLE_OBJC_ARC = YES;
				CLANG_ENABLE_OBJC_WEAK = YES;
				CLANG_WARN_BLOCK_CAPTURE_AUTORELEASING = YES;
				CLANG_WARN_BOOL_CONVERSION = YES;
				CLANG_WARN_COMMA = YES;
				CLANG_WARN_CONSTANT_CONVERSION = YES;
				CLANG_WARN_DEPRECATED_OBJC_IMPLEMENTATIONS = YES;
				CLANG_WARN_DIRECT_OBJC_ISA_USAGE = YES_ERROR;
				CLANG_WARN_DOCUMENTATION_COMMENTS = YES;
				CLANG_WARN_EMPTY_BODY = YES;
				CLANG_WARN_ENUM_CONVERSION = YES;
				CLANG_WARN_INFINITE_RECURSION = YES;
				CLANG_WARN_INT_CONVERSION = YES;
				CLANG_WARN_NON_LITERAL_NULL_CONVERSION = YES;
				CLANG_WARN_OBJC_IMPLICIT_RETAIN_SELF = YES;
				CLANG_WARN_OBJC_LITERAL_CONVERSION = YES;
				CLANG_WARN_OBJC_ROOT_CLASS = YES_ERROR;
				CLANG_WARN_RANGE_LOOP_ANALYSIS = YES;
				CLANG_WARN_STRICT_PROTOTYPES = YES;
				CLANG_WARN_SUSPICIOUS_MOVE = YES;
				CLANG_WARN_UNGUARDED_AVAILABILITY = YES_AGGRESSIVE;
				CLANG_WARN_UNREACHABLE_CODE = YES;
				CLANG_WARN__DUPLICATE_METHOD_MATCH = YES;
				COPY_PHASE_STRIP = NO;
				DEBUG_INFORMATION_FORMAT = "dwarf-with-dsym";
				ENABLE_NS_ASSERTIONS = NO;
				ENABLE_STRICT_OBJC_MSGSEND = YES;
				GCC_C_LANGUAGE_STANDARD = gnu11;
				GCC_NO_COMMON_BLOCKS = YES;
				GCC_WARN_64_TO_32_BIT_CONVERSION = YES;
				GCC_WARN_ABOUT_RETURN_TYPE = YES_ERROR;
				GCC_WARN_UNDECLARED_SELECTOR = YES;
				GCC_WARN_UNINITIALIZED_AUTOS = YES_AGGRESSIVE;
				GCC_WARN_UNUSED_FUNCTION = YES;
				GCC_WARN_UNUSED_VARIABLE = YES;
				IPHONEOS_DEPLOYMENT_TARGET = 13.2;
				MTL_ENABLE_DEBUG_INFO = NO;
				MTL_FAST_MATH = YES;
				SDKROOT = iphoneos;
				SWIFT_COMPILATION_MODE = wholemodule;
				SWIFT_OPTIMIZATION_LEVEL = "-O";
				VALIDATE_PRODUCT = YES;
			};
			name = Release;
		};
		214E07B823D54ED70044956D /* Debug */ = {
			isa = XCBuildConfiguration;
			baseConfigurationReference = 3FCC2FEF88581D31325E0C8B /* Pods-flixster.debug.xcconfig */;
			buildSettings = {
				ASSETCATALOG_COMPILER_APPICON_NAME = AppIcon;
				CODE_SIGN_STYLE = Automatic;
				INFOPLIST_FILE = flixster/Info.plist;
				LD_RUNPATH_SEARCH_PATHS = (
					"$(inherited)",
					"@executable_path/Frameworks",
				);
				PRODUCT_BUNDLE_IDENTIFIER = codepath.flixster;
				PRODUCT_NAME = "$(TARGET_NAME)";
				SWIFT_VERSION = 5.0;
				TARGETED_DEVICE_FAMILY = "1,2";
			};
			name = Debug;
		};
		214E07B923D54ED70044956D /* Release */ = {
			isa = XCBuildConfiguration;
			baseConfigurationReference = A0302825C271C713760E60A0 /* Pods-flixster.release.xcconfig */;
			buildSettings = {
				ASSETCATALOG_COMPILER_APPICON_NAME = AppIcon;
				CODE_SIGN_STYLE = Automatic;
				INFOPLIST_FILE = flixster/Info.plist;
				LD_RUNPATH_SEARCH_PATHS = (
					"$(inherited)",
					"@executable_path/Frameworks",
				);
				PRODUCT_BUNDLE_IDENTIFIER = codepath.flixster;
				PRODUCT_NAME = "$(TARGET_NAME)";
				SWIFT_VERSION = 5.0;
				TARGETED_DEVICE_FAMILY = "1,2";
			};
			name = Release;
		};
		214E07BB23D54ED70044956D /* Debug */ = {
			isa = XCBuildConfiguration;
			baseConfigurationReference = 0A0AA11BFCDC9B6507FFC140 /* Pods-flixsterTests.debug.xcconfig */;
			buildSettings = {
				ALWAYS_EMBED_SWIFT_STANDARD_LIBRARIES = YES;
				BUNDLE_LOADER = "$(TEST_HOST)";
				CODE_SIGN_STYLE = Automatic;
				INFOPLIST_FILE = flixsterTests/Info.plist;
				IPHONEOS_DEPLOYMENT_TARGET = 13.2;
				LD_RUNPATH_SEARCH_PATHS = (
					"$(inherited)",
					"@executable_path/Frameworks",
					"@loader_path/Frameworks",
				);
				PRODUCT_BUNDLE_IDENTIFIER = codepath.flixsterTests;
				PRODUCT_NAME = "$(TARGET_NAME)";
				SWIFT_VERSION = 5.0;
				TARGETED_DEVICE_FAMILY = "1,2";
				TEST_HOST = "$(BUILT_PRODUCTS_DIR)/flixster.app/flixster";
			};
			name = Debug;
		};
		214E07BC23D54ED70044956D /* Release */ = {
			isa = XCBuildConfiguration;
			baseConfigurationReference = 79ECAAF172ED78396E70B9C8 /* Pods-flixsterTests.release.xcconfig */;
			buildSettings = {
				ALWAYS_EMBED_SWIFT_STANDARD_LIBRARIES = YES;
				BUNDLE_LOADER = "$(TEST_HOST)";
				CODE_SIGN_STYLE = Automatic;
				INFOPLIST_FILE = flixsterTests/Info.plist;
				IPHONEOS_DEPLOYMENT_TARGET = 13.2;
				LD_RUNPATH_SEARCH_PATHS = (
					"$(inherited)",
					"@executable_path/Frameworks",
					"@loader_path/Frameworks",
				);
				PRODUCT_BUNDLE_IDENTIFIER = codepath.flixsterTests;
				PRODUCT_NAME = "$(TARGET_NAME)";
				SWIFT_VERSION = 5.0;
				TARGETED_DEVICE_FAMILY = "1,2";
				TEST_HOST = "$(BUILT_PRODUCTS_DIR)/flixster.app/flixster";
			};
			name = Release;
		};
		214E07BE23D54ED70044956D /* Debug */ = {
			isa = XCBuildConfiguration;
			baseConfigurationReference = 9F304D77243875DFBAA782F9 /* Pods-flixster-flixsterUITests.debug.xcconfig */;
			buildSettings = {
				ALWAYS_EMBED_SWIFT_STANDARD_LIBRARIES = YES;
				CODE_SIGN_STYLE = Automatic;
				INFOPLIST_FILE = flixsterUITests/Info.plist;
				LD_RUNPATH_SEARCH_PATHS = (
					"$(inherited)",
					"@executable_path/Frameworks",
					"@loader_path/Frameworks",
				);
				PRODUCT_BUNDLE_IDENTIFIER = codepath.flixsterUITests;
				PRODUCT_NAME = "$(TARGET_NAME)";
				SWIFT_VERSION = 5.0;
				TARGETED_DEVICE_FAMILY = "1,2";
				TEST_TARGET_NAME = flixster;
			};
			name = Debug;
		};
		214E07BF23D54ED70044956D /* Release */ = {
			isa = XCBuildConfiguration;
			baseConfigurationReference = C2158C001DD4647809017BB6 /* Pods-flixster-flixsterUITests.release.xcconfig */;
			buildSettings = {
				ALWAYS_EMBED_SWIFT_STANDARD_LIBRARIES = YES;
				CODE_SIGN_STYLE = Automatic;
				INFOPLIST_FILE = flixsterUITests/Info.plist;
				LD_RUNPATH_SEARCH_PATHS = (
					"$(inherited)",
					"@executable_path/Frameworks",
					"@loader_path/Frameworks",
				);
				PRODUCT_BUNDLE_IDENTIFIER = codepath.flixsterUITests;
				PRODUCT_NAME = "$(TARGET_NAME)";
				SWIFT_VERSION = 5.0;
				TARGETED_DEVICE_FAMILY = "1,2";
				TEST_TARGET_NAME = flixster;
			};
			name = Release;
		};
/* End XCBuildConfiguration section */

/* Begin XCConfigurationList section */
		214E078823D54ED50044956D /* Build configuration list for PBXProject "flixster" */ = {
			isa = XCConfigurationList;
			buildConfigurations = (
				214E07B523D54ED70044956D /* Debug */,
				214E07B623D54ED70044956D /* Release */,
			);
			defaultConfigurationIsVisible = 0;
			defaultConfigurationName = Release;
		};
		214E07B723D54ED70044956D /* Build configuration list for PBXNativeTarget "flixster" */ = {
			isa = XCConfigurationList;
			buildConfigurations = (
				214E07B823D54ED70044956D /* Debug */,
				214E07B923D54ED70044956D /* Release */,
			);
			defaultConfigurationIsVisible = 0;
			defaultConfigurationName = Release;
		};
		214E07BA23D54ED70044956D /* Build configuration list for PBXNativeTarget "flixsterTests" */ = {
			isa = XCConfigurationList;
			buildConfigurations = (
				214E07BB23D54ED70044956D /* Debug */,
				214E07BC23D54ED70044956D /* Release */,
			);
			defaultConfigurationIsVisible = 0;
			defaultConfigurationName = Release;
		};
		214E07BD23D54ED70044956D /* Build configuration list for PBXNativeTarget "flixsterUITests" */ = {
			isa = XCConfigurationList;
			buildConfigurations = (
				214E07BE23D54ED70044956D /* Debug */,
				214E07BF23D54ED70044956D /* Release */,
			);
			defaultConfigurationIsVisible = 0;
			defaultConfigurationName = Release;
		};
/* End XCConfigurationList section */
	};
	rootObject = 214E078523D54ED50044956D /* Project object */;
}
